
Microsoft Visual Studio Solution File, Format Version 12.00
# Visual Studio Version 16
VisualStudioVersion = 16.0.31410.357
MinimumVisualStudioVersion = 10.0.40219.1
Project("{9A19103F-16F7-4668-BE54-9A1E7A4F7556}") = "RoyalCode.Tasks", "RoyalCode.Tasks\RoyalCode.Tasks.csproj", "{FBD60F7E-BD59-4B5E-8451-125EC1A07C1F}"
EndProject
Project("{2150E333-8FDC-42A3-9474-1A3956D46DE8}") = ".items", ".items", "{BEF3606D-81B5-45E8-8FAE-927705B3541A}"
	ProjectSection(SolutionItems) = preProject
		base.targets = base.targets
	EndProjectSection
EndProject
Project("{9A19103F-16F7-4668-BE54-9A1E7A4F7556}") = "RoyalCode.Tasks.Tests", "RoyalCode.Tasks.Tests\RoyalCode.Tasks.Tests.csproj", "{93AE4448-E4C0-4AEA-A288-48E5B1C77689}"
EndProject
Project("{9A19103F-16F7-4668-BE54-9A1E7A4F7556}") = "RoyalCode.Tasks.Tests.ConsoleApp", "RoyalCode.Tasks.Tests.ConsoleApp\RoyalCode.Tasks.Tests.ConsoleApp.csproj", "{6E4A90AD-01A8-4700-8B75-AE5E68160481}"
EndProject
Project("{9A19103F-16F7-4668-BE54-9A1E7A4F7556}") = "RoyalCode.Tasks.Tests.StarvationApi1", "RoyalCode.Tasks.Tests.StarvationApi1\RoyalCode.Tasks.Tests.StarvationApi1.csproj", "{E3004890-ECA9-445E-89CB-41BE09F2DF07}"
EndProject
Project("{9A19103F-16F7-4668-BE54-9A1E7A4F7556}") = "RoyalCode.Tasks.Tests.StarvationApi2", "RoyalCode.Tasks.Tests.StarvationApi2\RoyalCode.Tasks.Tests.StarvationApi2.csproj", "{C85425CA-473D-46F0-8F9B-0ABBCC9A61EA}"
EndProject
Global
	GlobalSection(SolutionConfigurationPlatforms) = preSolution
		Debug|Any CPU = Debug|Any CPU
		Release|Any CPU = Release|Any CPU
	EndGlobalSection
	GlobalSection(ProjectConfigurationPlatforms) = postSolution
		{FBD60F7E-BD59-4B5E-8451-125EC1A07C1F}.Debug|Any CPU.ActiveCfg = Debug|Any CPU
		{FBD60F7E-BD59-4B5E-8451-125EC1A07C1F}.Debug|Any CPU.Build.0 = Debug|Any CPU
		{FBD60F7E-BD59-4B5E-8451-125EC1A07C1F}.Release|Any CPU.ActiveCfg = Release|Any CPU
		{FBD60F7E-BD59-4B5E-8451-125EC1A07C1F}.Release|Any CPU.Build.0 = Release|Any CPU
		{93AE4448-E4C0-4AEA-A288-48E5B1C77689}.Debug|Any CPU.ActiveCfg = Debug|Any CPU
		{93AE4448-E4C0-4AEA-A288-48E5B1C77689}.Debug|Any CPU.Build.0 = Debug|Any CPU
		{93AE4448-E4C0-4AEA-A288-48E5B1C77689}.Release|Any CPU.ActiveCfg = Release|Any CPU
		{93AE4448-E4C0-4AEA-A288-48E5B1C77689}.Release|Any CPU.Build.0 = Release|Any CPU
		{6E4A90AD-01A8-4700-8B75-AE5E68160481}.Debug|Any CPU.ActiveCfg = Debug|Any CPU
		{6E4A90AD-01A8-4700-8B75-AE5E68160481}.Debug|Any CPU.Build.0 = Debug|Any CPU
		{6E4A90AD-01A8-4700-8B75-AE5E68160481}.Release|Any CPU.ActiveCfg = Release|Any CPU
		{6E4A90AD-01A8-4700-8B75-AE5E68160481}.Release|Any CPU.Build.0 = Release|Any CPU
		{E3004890-ECA9-445E-89CB-41BE09F2DF07}.Debug|Any CPU.ActiveCfg = Debug|Any CPU
		{E3004890-ECA9-445E-89CB-41BE09F2DF07}.Debug|Any CPU.Build.0 = Debug|Any CPU
		{E3004890-ECA9-445E-89CB-41BE09F2DF07}.Release|Any CPU.ActiveCfg = Release|Any CPU
		{E3004890-ECA9-445E-89CB-41BE09F2DF07}.Release|Any CPU.Build.0 = Release|Any CPU
		{C85425CA-473D-46F0-8F9B-0ABBCC9A61EA}.Debug|Any CPU.ActiveCfg = Debug|Any CPU
		{C85425CA-473D-46F0-8F9B-0ABBCC9A61EA}.Debug|Any CPU.Build.0 = Debug|Any CPU
		{C85425CA-473D-46F0-8F9B-0ABBCC9A61EA}.Release|Any CPU.ActiveCfg = Release|Any CPU
		{C85425CA-473D-46F0-8F9B-0ABBCC9A61EA}.Release|Any CPU.Build.0 = Release|Any CPU
	EndGlobalSection
	GlobalSection(SolutionProperties) = preSolution
		HideSolutionNode = FALSE
	EndGlobalSection
	GlobalSection(ExtensibilityGlobals) = postSolution
		SolutionGuid = {75616174-F0B2-4678-A9C4-6B497C17A98D}
	EndGlobalSection
EndGlobal
