
Microsoft Visual Studio Solution File, Format Version 12.00
# Visual Studio Version 18
VisualStudioVersion = 18.0.11018.127
MinimumVisualStudioVersion = 10.0.40219.1
Project("{2150E333-8FDC-42A3-9474-1A3956D46DE8}") = ".items", ".items", "{BEF3606D-81B5-45E8-8FAE-927705B3541A}"
	ProjectSection(SolutionItems) = preProject
		..\.github\workflows\async-expressions-builders-nuget.yml = ..\.github\workflows\async-expressions-builders-nuget.yml
		base.targets = base.targets
		..\.github\workflows\generators-nuget.yml = ..\.github\workflows\generators-nuget.yml
		libs.targets = libs.targets
		..\.github\workflows\property-selection-nuget.yml = ..\.github\workflows\property-selection-nuget.yml
		..\.github\workflows\tasks-nuget.yml = ..\.github\workflows\tasks-nuget.yml
	EndProjectSection
EndProject
Project("{2150E333-8FDC-42A3-9474-1A3956D46DE8}") = "DependencyInjection", "DependencyInjection", "{524448A6-38A1-4642-8DBB-D21924B44F0C}"
EndProject
Project("{2150E333-8FDC-42A3-9474-1A3956D46DE8}") = "Extensions", "Extensions", "{3EC21AB3-0F1D-4F72-B5F2-955227540A42}"
EndProject
Project("{9A19103F-16F7-4668-BE54-9A1E7A4F7556}") = "RoyalCode.Extensions.PropertySelection", "RoyalCode.Extensions.PropertySelection\RoyalCode.Extensions.PropertySelection.csproj", "{08E7D801-9DEA-4D01-9FF2-5E74A8BE8D67}"
EndProject
Project("{9A19103F-16F7-4668-BE54-9A1E7A4F7556}") = "RoyalCode.Extensions.PropertySelection.Tests", "RoyalCode.Extensions.PropertySelection.Tests\RoyalCode.Extensions.PropertySelection.Tests.csproj", "{DF85E567-FA13-4D44-9563-B7551741E3D9}"
EndProject
Project("{9A19103F-16F7-4668-BE54-9A1E7A4F7556}") = "RoyalCode.Extensions.ObjectPool", "RoyalCode.Extensions.ObjectPool\RoyalCode.Extensions.ObjectPool.csproj", "{EBBEE0B7-BDB2-4A7F-AB18-ACF819D86F3F}"
EndProject
Project("{9A19103F-16F7-4668-BE54-9A1E7A4F7556}") = "RoyalCode.Extensions.AsyncExpressionsBuilders", "RoyalCode.Extensions.AsyncExpressionsBuilders\RoyalCode.Extensions.AsyncExpressionsBuilders.csproj", "{5D442F2B-F959-4916-9B4E-5902B2321D14}"
EndProject
Project("{9A19103F-16F7-4668-BE54-9A1E7A4F7556}") = "RoyalCode.Extensions.AsyncExpressionsBuilders.Tests", "RoyalCode.Extensions.AsyncExpressionsBuilders.Tests\RoyalCode.Extensions.AsyncExpressionsBuilders.Tests.csproj", "{F7205739-6039-4F56-811F-A73B23E73AB2}"
EndProject
Project("{2150E333-8FDC-42A3-9474-1A3956D46DE8}") = "EntityFramework", "EntityFramework", "{CBB4EA64-EEDB-4820-9FB7-C7BF0388672F}"
EndProject
Project("{9A19103F-16F7-4668-BE54-9A1E7A4F7556}") = "RoyalCode.EntityFramework.Postgres", "RoyalCode.EntityFramework.Postgres\RoyalCode.EntityFramework.Postgres.csproj", "{844C7394-1970-4972-90D0-02C310725B65}"
EndProject
Project("{2150E333-8FDC-42A3-9474-1A3956D46DE8}") = "Generators", "Generators", "{CE3E48B9-60CD-4F58-8AD0-7077E1439A7F}"
EndProject
Project("{9A19103F-16F7-4668-BE54-9A1E7A4F7556}") = "RoyalCode.WorkContext.Generators", "RoyalCode.WorkContext.Generators\RoyalCode.WorkContext.Generators.csproj", "{795193F3-B3EF-4327-8D49-2D4CE032CC2C}"
EndProject
Project("{9A19103F-16F7-4668-BE54-9A1E7A4F7556}") = "RoyalCode.WorkContext.Generators.Tests", "RoyalCode.WorkContext.Generators.Tests\RoyalCode.WorkContext.Generators.Tests.csproj", "{BF7913B0-5820-49F4-8BD7-9511E05D2100}"
EndProject
Project("{9A19103F-16F7-4668-BE54-9A1E7A4F7556}") = "RoyalCode.DependencyInjection.Generators", "RoyalCode.DependencyInjection.Generators\RoyalCode.DependencyInjection.Generators.csproj", "{DC02881F-E918-4A51-AC64-C1B78D74E810}"
EndProject
Project("{9A19103F-16F7-4668-BE54-9A1E7A4F7556}") = "RoyalCode.DependencyInjection.Tests", "RoyalCode.DependencyInjection.Tests\RoyalCode.DependencyInjection.Tests.csproj", "{7CBE5D1E-080D-41FF-8697-94BDD152F74E}"
EndProject
Project("{9A19103F-16F7-4668-BE54-9A1E7A4F7556}") = "RoyalCode.DependencyInjection", "RoyalCode.DependencyInjection\RoyalCode.DependencyInjection.csproj", "{6319ED59-BA26-427F-B8A8-20238CD9DC34}"
EndProject
Project("{2150E333-8FDC-42A3-9474-1A3956D46DE8}") = "WorkContext", "WorkContext", "{02EA681E-C7D8-13C7-8484-4AC65E1B71E8}"
EndProject
Project("{2150E333-8FDC-42A3-9474-1A3956D46DE8}") = "Extensions", "Extensions", "{56F318EA-5EF6-45EB-8FDB-547C53F9F3E1}"
EndProject
Project("{FAE04EC0-301F-11D3-BF4B-00C04F79EFBC}") = "RoyalCode.Extensions.SourceGenerator", "RoyalCode.Extensions.SourceGenerator\RoyalCode.Extensions.SourceGenerator.csproj", "{48E11224-7B4D-45F5-A743-BEAF740B4FF3}"
EndProject
Project("{FAE04EC0-301F-11D3-BF4B-00C04F79EFBC}") = "RoyalCode.Extensions.SourceGenerator.Tests", "RoyalCode.Extensions.SourceGenerator.Tests\RoyalCode.Extensions.SourceGenerator.Tests.csproj", "{901A1600-6C23-4037-A2CF-3311A8BCDCBD}"
EndProject
Global
	GlobalSection(SolutionConfigurationPlatforms) = preSolution
		Debug|Any CPU = Debug|Any CPU
		Release|Any CPU = Release|Any CPU
	EndGlobalSection
	GlobalSection(ProjectConfigurationPlatforms) = postSolution
		{08E7D801-9DEA-4D01-9FF2-5E74A8BE8D67}.Debug|Any CPU.ActiveCfg = Debug|Any CPU
		{08E7D801-9DEA-4D01-9FF2-5E74A8BE8D67}.Debug|Any CPU.Build.0 = Debug|Any CPU
		{08E7D801-9DEA-4D01-9FF2-5E74A8BE8D67}.Release|Any CPU.ActiveCfg = Release|Any CPU
		{08E7D801-9DEA-4D01-9FF2-5E74A8BE8D67}.Release|Any CPU.Build.0 = Release|Any CPU
		{DF85E567-FA13-4D44-9563-B7551741E3D9}.Debug|Any CPU.ActiveCfg = Debug|Any CPU
		{DF85E567-FA13-4D44-9563-B7551741E3D9}.Debug|Any CPU.Build.0 = Debug|Any CPU
		{DF85E567-FA13-4D44-9563-B7551741E3D9}.Release|Any CPU.ActiveCfg = Release|Any CPU
		{DF85E567-FA13-4D44-9563-B7551741E3D9}.Release|Any CPU.Build.0 = Release|Any CPU
		{EBBEE0B7-BDB2-4A7F-AB18-ACF819D86F3F}.Debug|Any CPU.ActiveCfg = Debug|Any CPU
		{EBBEE0B7-BDB2-4A7F-AB18-ACF819D86F3F}.Debug|Any CPU.Build.0 = Debug|Any CPU
		{EBBEE0B7-BDB2-4A7F-AB18-ACF819D86F3F}.Release|Any CPU.ActiveCfg = Release|Any CPU
		{EBBEE0B7-BDB2-4A7F-AB18-ACF819D86F3F}.Release|Any CPU.Build.0 = Release|Any CPU
		{5D442F2B-F959-4916-9B4E-5902B2321D14}.Debug|Any CPU.ActiveCfg = Debug|Any CPU
		{5D442F2B-F959-4916-9B4E-5902B2321D14}.Debug|Any CPU.Build.0 = Debug|Any CPU
		{5D442F2B-F959-4916-9B4E-5902B2321D14}.Release|Any CPU.ActiveCfg = Release|Any CPU
		{5D442F2B-F959-4916-9B4E-5902B2321D14}.Release|Any CPU.Build.0 = Release|Any CPU
		{F7205739-6039-4F56-811F-A73B23E73AB2}.Debug|Any CPU.ActiveCfg = Debug|Any CPU
		{F7205739-6039-4F56-811F-A73B23E73AB2}.Debug|Any CPU.Build.0 = Debug|Any CPU
		{F7205739-6039-4F56-811F-A73B23E73AB2}.Release|Any CPU.ActiveCfg = Release|Any CPU
		{F7205739-6039-4F56-811F-A73B23E73AB2}.Release|Any CPU.Build.0 = Release|Any CPU
		{844C7394-1970-4972-90D0-02C310725B65}.Debug|Any CPU.ActiveCfg = Debug|Any CPU
		{844C7394-1970-4972-90D0-02C310725B65}.Debug|Any CPU.Build.0 = Debug|Any CPU
		{844C7394-1970-4972-90D0-02C310725B65}.Release|Any CPU.ActiveCfg = Release|Any CPU
		{844C7394-1970-4972-90D0-02C310725B65}.Release|Any CPU.Build.0 = Release|Any CPU
		{795193F3-B3EF-4327-8D49-2D4CE032CC2C}.Debug|Any CPU.ActiveCfg = Debug|Any CPU
		{795193F3-B3EF-4327-8D49-2D4CE032CC2C}.Debug|Any CPU.Build.0 = Debug|Any CPU
		{795193F3-B3EF-4327-8D49-2D4CE032CC2C}.Release|Any CPU.ActiveCfg = Release|Any CPU
		{795193F3-B3EF-4327-8D49-2D4CE032CC2C}.Release|Any CPU.Build.0 = Release|Any CPU
		{BF7913B0-5820-49F4-8BD7-9511E05D2100}.Debug|Any CPU.ActiveCfg = Debug|Any CPU
		{BF7913B0-5820-49F4-8BD7-9511E05D2100}.Debug|Any CPU.Build.0 = Debug|Any CPU
		{BF7913B0-5820-49F4-8BD7-9511E05D2100}.Release|Any CPU.ActiveCfg = Release|Any CPU
		{BF7913B0-5820-49F4-8BD7-9511E05D2100}.Release|Any CPU.Build.0 = Release|Any CPU
		{DC02881F-E918-4A51-AC64-C1B78D74E810}.Debug|Any CPU.ActiveCfg = Debug|Any CPU
		{DC02881F-E918-4A51-AC64-C1B78D74E810}.Debug|Any CPU.Build.0 = Debug|Any CPU
		{DC02881F-E918-4A51-AC64-C1B78D74E810}.Release|Any CPU.ActiveCfg = Release|Any CPU
		{DC02881F-E918-4A51-AC64-C1B78D74E810}.Release|Any CPU.Build.0 = Release|Any CPU
		{7CBE5D1E-080D-41FF-8697-94BDD152F74E}.Debug|Any CPU.ActiveCfg = Debug|Any CPU
		{7CBE5D1E-080D-41FF-8697-94BDD152F74E}.Debug|Any CPU.Build.0 = Debug|Any CPU
		{7CBE5D1E-080D-41FF-8697-94BDD152F74E}.Release|Any CPU.ActiveCfg = Release|Any CPU
		{7CBE5D1E-080D-41FF-8697-94BDD152F74E}.Release|Any CPU.Build.0 = Release|Any CPU
		{6319ED59-BA26-427F-B8A8-20238CD9DC34}.Debug|Any CPU.ActiveCfg = Debug|Any CPU
		{6319ED59-BA26-427F-B8A8-20238CD9DC34}.Debug|Any CPU.Build.0 = Debug|Any CPU
		{6319ED59-BA26-427F-B8A8-20238CD9DC34}.Release|Any CPU.ActiveCfg = Release|Any CPU
		{6319ED59-BA26-427F-B8A8-20238CD9DC34}.Release|Any CPU.Build.0 = Release|Any CPU
		{48E11224-7B4D-45F5-A743-BEAF740B4FF3}.Debug|Any CPU.ActiveCfg = Debug|Any CPU
		{48E11224-7B4D-45F5-A743-BEAF740B4FF3}.Debug|Any CPU.Build.0 = Debug|Any CPU
		{48E11224-7B4D-45F5-A743-BEAF740B4FF3}.Release|Any CPU.ActiveCfg = Release|Any CPU
		{48E11224-7B4D-45F5-A743-BEAF740B4FF3}.Release|Any CPU.Build.0 = Release|Any CPU
		{901A1600-6C23-4037-A2CF-3311A8BCDCBD}.Debug|Any CPU.ActiveCfg = Debug|Any CPU
		{901A1600-6C23-4037-A2CF-3311A8BCDCBD}.Debug|Any CPU.Build.0 = Debug|Any CPU
		{901A1600-6C23-4037-A2CF-3311A8BCDCBD}.Release|Any CPU.ActiveCfg = Release|Any CPU
		{901A1600-6C23-4037-A2CF-3311A8BCDCBD}.Release|Any CPU.Build.0 = Release|Any CPU
	EndGlobalSection
	GlobalSection(SolutionProperties) = preSolution
		HideSolutionNode = FALSE
	EndGlobalSection
	GlobalSection(NestedProjects) = preSolution
		{08E7D801-9DEA-4D01-9FF2-5E74A8BE8D67} = {3EC21AB3-0F1D-4F72-B5F2-955227540A42}
		{DF85E567-FA13-4D44-9563-B7551741E3D9} = {3EC21AB3-0F1D-4F72-B5F2-955227540A42}
		{EBBEE0B7-BDB2-4A7F-AB18-ACF819D86F3F} = {3EC21AB3-0F1D-4F72-B5F2-955227540A42}
		{5D442F2B-F959-4916-9B4E-5902B2321D14} = {3EC21AB3-0F1D-4F72-B5F2-955227540A42}
		{F7205739-6039-4F56-811F-A73B23E73AB2} = {3EC21AB3-0F1D-4F72-B5F2-955227540A42}
		{844C7394-1970-4972-90D0-02C310725B65} = {CBB4EA64-EEDB-4820-9FB7-C7BF0388672F}
		{795193F3-B3EF-4327-8D49-2D4CE032CC2C} = {02EA681E-C7D8-13C7-8484-4AC65E1B71E8}
		{BF7913B0-5820-49F4-8BD7-9511E05D2100} = {02EA681E-C7D8-13C7-8484-4AC65E1B71E8}
		{DC02881F-E918-4A51-AC64-C1B78D74E810} = {524448A6-38A1-4642-8DBB-D21924B44F0C}
		{7CBE5D1E-080D-41FF-8697-94BDD152F74E} = {524448A6-38A1-4642-8DBB-D21924B44F0C}
		{6319ED59-BA26-427F-B8A8-20238CD9DC34} = {524448A6-38A1-4642-8DBB-D21924B44F0C}
		{02EA681E-C7D8-13C7-8484-4AC65E1B71E8} = {CE3E48B9-60CD-4F58-8AD0-7077E1439A7F}
		{56F318EA-5EF6-45EB-8FDB-547C53F9F3E1} = {CE3E48B9-60CD-4F58-8AD0-7077E1439A7F}
		{48E11224-7B4D-45F5-A743-BEAF740B4FF3} = {56F318EA-5EF6-45EB-8FDB-547C53F9F3E1}
		{901A1600-6C23-4037-A2CF-3311A8BCDCBD} = {56F318EA-5EF6-45EB-8FDB-547C53F9F3E1}
	EndGlobalSection
	GlobalSection(ExtensibilityGlobals) = postSolution
		SolutionGuid = {75616174-F0B2-4678-A9C4-6B497C17A98D}
	EndGlobalSection
EndGlobal
